
Microsoft Visual Studio Solution File, Format Version 12.00
# Visual Studio Version 16
VisualStudioVersion = 16.0.30011.22
MinimumVisualStudioVersion = 10.0.40219.1
Project("{FAE04EC0-301F-11D3-BF4B-00C04F79EFBC}") = "ConsoleApp1", "ConsoleApp1\ConsoleApp1.csproj", "{EB710BD0-199A-4CC3-9740-D8B96162AD40}"
EndProject
Global
	GlobalSection(SolutionConfigurationPlatforms) = preSolution
		Debug|Any CPU = Debug|Any CPU
		Release|Any CPU = Release|Any CPU
	EndGlobalSection
	GlobalSection(ProjectConfigurationPlatforms) = postSolution
		{EB710BD0-199A-4CC3-9740-D8B96162AD40}.Debug|Any CPU.ActiveCfg = Debug|Any CPU
		{EB710BD0-199A-4CC3-9740-D8B96162AD40}.Debug|Any CPU.Build.0 = Debug|Any CPU
		{EB710BD0-199A-4CC3-9740-D8B96162AD40}.Release|Any CPU.ActiveCfg = Release|Any CPU
		{EB710BD0-199A-4CC3-9740-D8B96162AD40}.Release|Any CPU.Build.0 = Release|Any CPU
	EndGlobalSection
	GlobalSection(SolutionProperties) = preSolution
		HideSolutionNode = FALSE
	EndGlobalSection
	GlobalSection(ExtensibilityGlobals) = postSolution
		SolutionGuid = {C980DCC2-A0AD-48D6-BBFB-A055C076F088}
	EndGlobalSection
EndGlobal
